<?xml version="1.0" encoding="utf-8"?>
<Project ToolsVersion="4.0" xmlns="http://schemas.microsoft.com/developer/msbuild/2003">
  <ItemGroup>
    <Filter Include="Source Files">
      <UniqueIdentifier>{4FC737F1-C7A5-4376-A066-2A32D752A2FF}</UniqueIdentifier>
      <Extensions>cpp;c;cc;cxx;c++;cppm;ixx;def;odl;idl;hpj;bat;asm;asmx</Extensions>
    </Filter>
    <Filter Include="Header Files">
      <UniqueIdentifier>{93995380-89BD-4b04-88EB-625FBE52EBFB}</UniqueIdentifier>
      <Extensions>h;hh;hpp;hxx;h++;hm;inl;inc;ipp;xsd</Extensions>
    </Filter>
    <Filter Include="Resource Files">
      <UniqueIdentifier>{67DA6AB6-F800-4c08-8B7A-83BB121AAD01}</UniqueIdentifier>
      <Extensions>rc;ico;cur;bmp;dlg;rc2;rct;bin;rgs;gif;jpg;jpeg;jpe;resx;tiff;tif;png;wav;mfcribbon-ms</Extensions>
    </Filter>
    <Filter Include="Source Files\vendor">
      <UniqueIdentifier>{81e8a1ef-fff3-496c-80f5-df78629d2687}</UniqueIdentifier>
    </Filter>
    <Filter Include="Source Files\vendor\tga">
      <UniqueIdentifier>{cf14c621-ad74-42c5-84f5-a395584a74a4}</UniqueIdentifier>
    </Filter>
    <Filter Include="Header Files\vendor">
      <UniqueIdentifier>{74b3d526-b76b-49b3-ae35-c39a8d0af170}</UniqueIdentifier>
    </Filter>
    <Filter Include="Header Files\vendor\tga">
      <UniqueIdentifier>{1d728d08-e838-43a3-8e4d-cfbe79f755eb}</UniqueIdentifier>
    </Filter>
  </ItemGroup>
  <ItemGroup>
    <ClCompile Include="src\main.cpp">
      <Filter>Source Files</Filter>
    </ClCompile>
    <ClCompile Include="src\vendor\tga\tgaimage.cpp">
      <Filter>Source Files\vendor\tga</Filter>
    </ClCompile>
    <ClCompile Include="src\geometry\Line.cpp">
      <Filter>Source Files</Filter>
    </ClCompile>
    <ClCompile Include="src\model\Model.cpp">
      <Filter>Source Files</Filter>
    </ClCompile>
    <ClCompile Include="src\model\ObjModelLoader.cpp">
      <Filter>Source Files</Filter>
    </ClCompile>
    <ClCompile Include="src\application\LineDemo.cpp">
      <Filter>Source Files</Filter>
    </ClCompile>
    <ClCompile Include="src\application\WireframeDemo.cpp">
      <Filter>Source Files</Filter>
    </ClCompile>
    <ClCompile Include="src\application\ApplicationsMenu.cpp">
      <Filter>Source Files</Filter>
    </ClCompile>
    <ClCompile Include="src\application\SimpleTrianglesDemo.cpp">
      <Filter>Source Files</Filter>
    </ClCompile>
    <ClCompile Include="src\geometry\Triangle.cpp">
      <Filter>Source Files</Filter>
    </ClCompile>
    <ClCompile Include="src\math\Barycentric.cpp">
      <Filter>Source Files</Filter>
    </ClCompile>
    <ClCompile Include="src\math\BoundingBox2d.cpp">
      <Filter>Source Files</Filter>
    </ClCompile>
    <ClCompile Include="src\application\RandomFlatShadedModelDemo.cpp">
      <Filter>Source Files</Filter>
    </ClCompile>
    <ClCompile Include="src\application\LightShadedModelDemo.cpp">
      <Filter>Source Files</Filter>
    </ClCompile>
    <ClCompile Include="src\application\ZBuffer2dDemo.cpp">
      <Filter>Source Files</Filter>
    </ClCompile>
    <ClCompile Include="src\math\BoundingBox3d.cpp">
      <Filter>Source Files</Filter>
    </ClCompile>
    <ClCompile Include="src\application\ZBuffer3dDemo.cpp">
      <Filter>Source Files</Filter>
    </ClCompile>
    <ClCompile Include="src\application\TexturedModelDemo.cpp">
      <Filter>Source Files</Filter>
    </ClCompile>
  </ItemGroup>
  <ItemGroup>
    <ClInclude Include="src\vendor\tga\tgaimage.h">
      <Filter>Header Files\vendor\tga</Filter>
    </ClInclude>
    <ClInclude Include="src\geometry\Line.h">
      <Filter>Header Files</Filter>
    </ClInclude>
    <ClInclude Include="src\math\Point.h">
      <Filter>Header Files</Filter>
    </ClInclude>
    <ClInclude Include="src\math\Vector.h">
      <Filter>Header Files</Filter>
    </ClInclude>
    <ClInclude Include="src\model\Model.h">
      <Filter>Header Files</Filter>
    </ClInclude>
    <ClInclude Include="src\model\IModelLoader.h">
      <Filter>Header Files</Filter>
    </ClInclude>
    <ClInclude Include="src\model\ObjModelLoader.h">
      <Filter>Header Files</Filter>
    </ClInclude>
    <ClInclude Include="src\application\IApplication.h">
      <Filter>Header Files</Filter>
    </ClInclude>
    <ClInclude Include="src\application\LineDemo.h">
      <Filter>Header Files</Filter>
    </ClInclude>
    <ClInclude Include="src\application\WireframeDemo.h">
      <Filter>Header Files</Filter>
    </ClInclude>
    <ClInclude Include="src\application\ApplicationsMenu.h">
      <Filter>Header Files</Filter>
    </ClInclude>
    <ClInclude Include="src\application\SimpleTrianglesDemo.h">
      <Filter>Header Files</Filter>
    </ClInclude>
    <ClInclude Include="src\geometry\Triangle.h">
      <Filter>Header Files</Filter>
    </ClInclude>
    <ClInclude Include="src\math\Barycentric.h">
      <Filter>Header Files</Filter>
    </ClInclude>
    <ClInclude Include="src\math\BoundingBox2d.h">
      <Filter>Header Files</Filter>
    </ClInclude>
    <ClInclude Include="src\application\RandomFlatShadedModelDemo.h">
      <Filter>Header Files</Filter>
    </ClInclude>
    <ClInclude Include="src\application\LightShadedModelDemo.h">
      <Filter>Header Files</Filter>
    </ClInclude>
    <ClInclude Include="src\application\ZBuffer2dDemo.h">
      <Filter>Header Files</Filter>
    </ClInclude>
    <ClInclude Include="src\math\BoundingBox3d.h">
      <Filter>Header Files</Filter>
    </ClInclude>
    <ClInclude Include="src\application\ZBuffer3dDemo.h">
      <Filter>Header Files</Filter>
    </ClInclude>
    <ClInclude Include="src\application\TexturedModelDemo.h">
      <Filter>Header Files</Filter>
    </ClInclude>
  </ItemGroup>
</Project>